// !$*UTF8*$!
{
	archiveVersion = 1;
	classes = {
	};
	objectVersion = 77;
	objects = {

/* Begin PBXBuildFile section */
		00140F5ED99BBE357CC1F951 /* KeychainStore.swift in Sources */ = {isa = PBXBuildFile; fileRef = 8D60E634E669109A674D97AC /* KeychainStore.swift */; };
		02AAD2A81C61D9265999E855 /* PeerDetailView.swift in Sources */ = {isa = PBXBuildFile; fileRef = 293355084BBA1A64A7029EB5 /* PeerDetailView.swift */; };
		0F0BF5749BD804E55AEBC6E5 /* QRScanner.swift in Sources */ = {isa = PBXBuildFile; fileRef = D651343557480E291D4C242C /* QRScanner.swift */; };
		18620C4034B99B2DE9C87829 /* TunnelCore.swift in Sources */ = {isa = PBXBuildFile; fileRef = 2C02EA36CFB3E23CF62AA772 /* TunnelCore.swift */; };
		1D82F9675920AB6D70A8A707 /* ChatViewModel.swift in Sources */ = {isa = PBXBuildFile; fileRef = 4BE8650C14A1FB3ED7ECACF5 /* ChatViewModel.swift */; };
		1EB51D02EC978D6692E1ADD9 /* LatticeTunnelMac.appex in Embed Foundation Extensions */ = {isa = PBXBuildFile; fileRef = 280D2D1DA245A0FD3DB0E443 /* LatticeTunnelMac.appex */; settings = {ATTRIBUTES = (RemoveHeadersOnCopy, ); }; };
		26CEACDA4053E98196979856 /* CastSink.swift in Sources */ = {isa = PBXBuildFile; fileRef = 165E8316190B31DE582046CA /* CastSink.swift */; };
		3949790EF906AFA4A4AF9A91 /* ChatWindow.swift in Sources */ = {isa = PBXBuildFile; fileRef = 0B6632B8E3AF0967CD62378C /* ChatWindow.swift */; };
		3F6959622E55A023B45FA1B4 /* TunnelManager.swift in Sources */ = {isa = PBXBuildFile; fileRef = 239FC0A7F79E63F4E5BF729B /* TunnelManager.swift */; };
		42F5C0F09765D9837FE4E78C /* RootView.swift in Sources */ = {isa = PBXBuildFile; fileRef = C0665648C57C97A61F3F0A51 /* RootView.swift */; };
		48B2B6E27C1C013AEE18D905 /* LatticeTunnel.appex in Embed Foundation Extensions */ = {isa = PBXBuildFile; fileRef = CC55D463910D975F56B8342B /* LatticeTunnel.appex */; settings = {ATTRIBUTES = (RemoveHeadersOnCopy, ); }; };
		4C67BC58EF90C9FA7420538A /* QRScannerView.swift in Sources */ = {isa = PBXBuildFile; fileRef = 3A96A5BA984924A4BE08A5B2 /* QRScannerView.swift */; };
		4E329B34A339DC67506C3423 /* LatticeCore.xcframework in Embed Frameworks */ = {isa = PBXBuildFile; fileRef = 0781F0ADE50D85AA22927CF6 /* LatticeCore.xcframework */; settings = {ATTRIBUTES = (CodeSignOnCopy, RemoveHeadersOnCopy, ); }; };
		518B29B45861F274510B47CC /* PacketTunnelProvider.swift in Sources */ = {isa = PBXBuildFile; fileRef = FE4CF185A86A9E5B9DCDB935 /* PacketTunnelProvider.swift */; };
		5460D39AA904935F95C98BAB /* TunnelCore.swift in Sources */ = {isa = PBXBuildFile; fileRef = 2C02EA36CFB3E23CF62AA772 /* TunnelCore.swift */; };
		5539E3D47E1D8B70496BE9F6 /* PacketTunnelProvider.swift in Sources */ = {isa = PBXBuildFile; fileRef = 61FC588F72E35AC057E58CEE /* PacketTunnelProvider.swift */; };
		58B765388DE135282E31A3E0 /* LatticeApp.swift in Sources */ = {isa = PBXBuildFile; fileRef = A087BE65958F460FCF0CC468 /* LatticeApp.swift */; };
		5A6CBB67B97087769CC247F2 /* LatticeAPI.swift in Sources */ = {isa = PBXBuildFile; fileRef = D4F83921F212A6B53C281796 /* LatticeAPI.swift */; };
		60BD6805501BB1BEE557786E /* PeerDetailView.swift in Sources */ = {isa = PBXBuildFile; fileRef = FA822E36FCF84A5FB4C48F09 /* PeerDetailView.swift */; };
		616890BBE0D3865DDF79A5E8 /* LatticeAPI.swift in Sources */ = {isa = PBXBuildFile; fileRef = D4F83921F212A6B53C281796 /* LatticeAPI.swift */; };
		6830D61E55C183794559B204 /* TunnelManager.swift in Sources */ = {isa = PBXBuildFile; fileRef = 239FC0A7F79E63F4E5BF729B /* TunnelManager.swift */; };
		6A2DC249F454BC91FB65FC4A /* LatticeMacApp.swift in Sources */ = {isa = PBXBuildFile; fileRef = C9AFFCC82948D66E2AB0C162 /* LatticeMacApp.swift */; };
		70634B99C412A1430F456CB2 /* ContentView.swift in Sources */ = {isa = PBXBuildFile; fileRef = 3C2F091FD3AB75D4A5F6C927 /* ContentView.swift */; };
		7277281C1F1B472AF67D241D /* PeerActions.swift in Sources */ = {isa = PBXBuildFile; fileRef = 181438EF236ABFF41737E743 /* PeerActions.swift */; };
		76F9EAF841E4D1149CEBAC0C /* JoinView.swift in Sources */ = {isa = PBXBuildFile; fileRef = A2B465D56E6931B309FAEF61 /* JoinView.swift */; };
		7B013D63F49DB80AF2D745ED /* LatticeCore.xcframework in Frameworks */ = {isa = PBXBuildFile; fileRef = 2F554B0DCF9E6408D40F876E /* LatticeCore.xcframework */; };
		7C915FE50B4A033CC852AFA0 /* DesignComponents.swift in Sources */ = {isa = PBXBuildFile; fileRef = 05B18389E61765B68DB7CF7D /* DesignComponents.swift */; };
		868AE17942ABC08E37BAA2A0 /* ExitNodeView.swift in Sources */ = {isa = PBXBuildFile; fileRef = 960BD20764F178AA8EE601C2 /* ExitNodeView.swift */; };
		8C54DA7BB5EE02DA6E501EDB /* LatticeCastKit in Frameworks */ = {isa = PBXBuildFile; productRef = 959A2B123CBDC7EDCDE77B00 /* LatticeCastKit */; };
		9344D1373D11D2DE1F78F0C5 /* LoginView.swift in Sources */ = {isa = PBXBuildFile; fileRef = 47DACD8B5C4EBFE6CA33C972 /* LoginView.swift */; };
		A8FEB6A60B7D5B4254818DCA /* NetworkPages.swift in Sources */ = {isa = PBXBuildFile; fileRef = B2FE4A65E58BC0B49C7D2810 /* NetworkPages.swift */; };
		B3C7A14C0465C3DF7DDEF3E2 /* TunnelCore.swift in Sources */ = {isa = PBXBuildFile; fileRef = 2C02EA36CFB3E23CF62AA772 /* TunnelCore.swift */; };
		B78ADF07D928BBC23F1C2C5A /* DesignComponents.swift in Sources */ = {isa = PBXBuildFile; fileRef = 05B18389E61765B68DB7CF7D /* DesignComponents.swift */; };
		C01C46866068658B9D68BC86 /* KeychainStore.swift in Sources */ = {isa = PBXBuildFile; fileRef = 8D60E634E669109A674D97AC /* KeychainStore.swift */; };
		C389EB4080C7F9FD556938E8 /* SettingsView.swift in Sources */ = {isa = PBXBuildFile; fileRef = 4BFD692EC35DC8A9C346CF14 /* SettingsView.swift */; };
		C57A26F25C649ED6C6B71FF5 /* OverviewView.swift in Sources */ = {isa = PBXBuildFile; fileRef = F838CD20F6150A9C5E1F3402 /* OverviewView.swift */; };
		C5D855A3DA02C11765207DDE /* TunnelCore.swift in Sources */ = {isa = PBXBuildFile; fileRef = 2C02EA36CFB3E23CF62AA772 /* TunnelCore.swift */; };
		CB573F157F641243D23A8271 /* LatticeCore.xcframework in Frameworks */ = {isa = PBXBuildFile; fileRef = 0781F0ADE50D85AA22927CF6 /* LatticeCore.xcframework */; };
		DCC32482F0EFB9182AE419AF /* CastReceiver.swift in Sources */ = {isa = PBXBuildFile; fileRef = 14A9894E398BA1C95006D8A3 /* CastReceiver.swift */; };
		E67E73C171D445673D559589 /* JoinPayload.swift in Sources */ = {isa = PBXBuildFile; fileRef = 3F43CAB1731C237E34D7EE9F /* JoinPayload.swift */; };
		E9FBD46E90777EBAFE9E1D3F /* LatticeCore.xcframework in Frameworks */ = {isa = PBXBuildFile; fileRef = 0781F0ADE50D85AA22927CF6 /* LatticeCore.xcframework */; };
		F51064384E99E2A556DF23E5 /* LatticeCore.xcframework in Frameworks */ = {isa = PBXBuildFile; fileRef = 2F554B0DCF9E6408D40F876E /* LatticeCore.xcframework */; };
		FAE77EC15F11A48CBAF6B894 /* FavoritesStore.swift in Sources */ = {isa = PBXBuildFile; fileRef = E3E5909331047D47021B484E /* FavoritesStore.swift */; };
		FCF81D8DC792F9C1BC8000EF /* JoinPayload.swift in Sources */ = {isa = PBXBuildFile; fileRef = 3F43CAB1731C237E34D7EE9F /* JoinPayload.swift */; };
/* End PBXBuildFile section */

/* Begin PBXContainerItemProxy section */
		54543C4957E4D123598D2337 /* PBXContainerItemProxy */ = {
			isa = PBXContainerItemProxy;
			containerPortal = E0199854991D2C7558C328FB /* Project object */;
			proxyType = 1;
			remoteGlobalIDString = FAD3419F2B485EEDC87C3337;
			remoteInfo = LatticeTunnel;
		};
		CC0030D1EF7AF985F7A466D2 /* PBXContainerItemProxy */ = {
			isa = PBXContainerItemProxy;
			containerPortal = E0199854991D2C7558C328FB /* Project object */;
			proxyType = 1;
			remoteGlobalIDString = 52A2935BB434C8F1C3B88838;
			remoteInfo = LatticeTunnelMac;
		};
/* End PBXContainerItemProxy section */

/* Begin PBXCopyFilesBuildPhase section */
		51C6EC670E7016A031DC9225 /* Embed Foundation Extensions */ = {
			isa = PBXCopyFilesBuildPhase;
			buildActionMask = 2147483647;
			dstPath = "";
			dstSubfolderSpec = 13;
			files = (
				1EB51D02EC978D6692E1ADD9 /* LatticeTunnelMac.appex in Embed Foundation Extensions */,
			);
			name = "Embed Foundation Extensions";
			runOnlyForDeploymentPostprocessing = 0;
		};
		AF4933C2FFED306C5C6E4B2B /* Embed Foundation Extensions */ = {
			isa = PBXCopyFilesBuildPhase;
			buildActionMask = 2147483647;
			dstPath = "";
			dstSubfolderSpec = 13;
			files = (
				48B2B6E27C1C013AEE18D905 /* LatticeTunnel.appex in Embed Foundation Extensions */,
			);
			name = "Embed Foundation Extensions";
			runOnlyForDeploymentPostprocessing = 0;
		};
		E7F47BAFEFDD976924B4449E /* Embed Frameworks */ = {
			isa = PBXCopyFilesBuildPhase;
			buildActionMask = 2147483647;
			dstPath = "";
			dstSubfolderSpec = 10;
			files = (
				4E329B34A339DC67506C3423 /* LatticeCore.xcframework in Embed Frameworks */,
			);
			name = "Embed Frameworks";
			runOnlyForDeploymentPostprocessing = 0;
		};
/* End PBXCopyFilesBuildPhase section */

/* Begin PBXFileReference section */
		05B18389E61765B68DB7CF7D /* DesignComponents.swift */ = {isa = PBXFileReference; lastKnownFileType = sourcecode.swift; path = DesignComponents.swift; sourceTree = "<group>"; };
		0781F0ADE50D85AA22927CF6 /* LatticeCore.xcframework */ = {isa = PBXFileReference; lastKnownFileType = wrapper.xcframework; name = LatticeCore.xcframework; path = Frameworks/MacOS/LatticeCore.xcframework; sourceTree = "<group>"; };
		0B144916D9450C4F743FDA7B /* LatticeCastKit */ = {isa = PBXFileReference; lastKnownFileType = folder; name = LatticeCastKit; path = "../../lattice-cast/swift/LatticeCastKit"; sourceTree = SOURCE_ROOT; };
		0B6632B8E3AF0967CD62378C /* ChatWindow.swift */ = {isa = PBXFileReference; lastKnownFileType = sourcecode.swift; path = ChatWindow.swift; sourceTree = "<group>"; };
		0E825FF21A8E0CC2D39A63C2 /* Info.plist */ = {isa = PBXFileReference; lastKnownFileType = text.plist; path = Info.plist; sourceTree = "<group>"; };
		14A9894E398BA1C95006D8A3 /* CastReceiver.swift */ = {isa = PBXFileReference; lastKnownFileType = sourcecode.swift; path = CastReceiver.swift; sourceTree = "<group>"; };
		165E8316190B31DE582046CA /* CastSink.swift */ = {isa = PBXFileReference; lastKnownFileType = sourcecode.swift; path = CastSink.swift; sourceTree = "<group>"; };
		181438EF236ABFF41737E743 /* PeerActions.swift */ = {isa = PBXFileReference; lastKnownFileType = sourcecode.swift; path = PeerActions.swift; sourceTree = "<group>"; };
		239FC0A7F79E63F4E5BF729B /* TunnelManager.swift */ = {isa = PBXFileReference; lastKnownFileType = sourcecode.swift; path = TunnelManager.swift; sourceTree = "<group>"; };
		280D2D1DA245A0FD3DB0E443 /* LatticeTunnelMac.appex */ = {isa = PBXFileReference; explicitFileType = "wrapper.app-extension"; includeInIndex = 0; path = LatticeTunnelMac.appex; sourceTree = BUILT_PRODUCTS_DIR; };
		293355084BBA1A64A7029EB5 /* PeerDetailView.swift */ = {isa = PBXFileReference; lastKnownFileType = sourcecode.swift; path = PeerDetailView.swift; sourceTree = "<group>"; };
		2C02EA36CFB3E23CF62AA772 /* TunnelCore.swift */ = {isa = PBXFileReference; lastKnownFileType = sourcecode.swift; path = TunnelCore.swift; sourceTree = "<group>"; };
		2F554B0DCF9E6408D40F876E /* LatticeCore.xcframework */ = {isa = PBXFileReference; lastKnownFileType = wrapper.xcframework; name = LatticeCore.xcframework; path = Frameworks/iOS/LatticeCore.xcframework; sourceTree = "<group>"; };
		3A96A5BA984924A4BE08A5B2 /* QRScannerView.swift */ = {isa = PBXFileReference; lastKnownFileType = sourcecode.swift; path = QRScannerView.swift; sourceTree = "<group>"; };
		3C2F091FD3AB75D4A5F6C927 /* ContentView.swift */ = {isa = PBXFileReference; lastKnownFileType = sourcecode.swift; path = ContentView.swift; sourceTree = "<group>"; };
		3F43CAB1731C237E34D7EE9F /* JoinPayload.swift */ = {isa = PBXFileReference; lastKnownFileType = sourcecode.swift; path = JoinPayload.swift; sourceTree = "<group>"; };
		47DACD8B5C4EBFE6CA33C972 /* LoginView.swift */ = {isa = PBXFileReference; lastKnownFileType = sourcecode.swift; path = LoginView.swift; sourceTree = "<group>"; };
		4BE8650C14A1FB3ED7ECACF5 /* ChatViewModel.swift */ = {isa = PBXFileReference; lastKnownFileType = sourcecode.swift; path = ChatViewModel.swift; sourceTree = "<group>"; };
		4BFD692EC35DC8A9C346CF14 /* SettingsView.swift */ = {isa = PBXFileReference; lastKnownFileType = sourcecode.swift; path = SettingsView.swift; sourceTree = "<group>"; };
		61FC588F72E35AC057E58CEE /* PacketTunnelProvider.swift */ = {isa = PBXFileReference; lastKnownFileType = sourcecode.swift; path = PacketTunnelProvider.swift; sourceTree = "<group>"; };
		8287DD726BF401E4637ECBC7 /* Lattice.app */ = {isa = PBXFileReference; includeInIndex = 0; lastKnownFileType = wrapper.application; path = Lattice.app; sourceTree = BUILT_PRODUCTS_DIR; };
		8D60E634E669109A674D97AC /* KeychainStore.swift */ = {isa = PBXFileReference; lastKnownFileType = sourcecode.swift; path = KeychainStore.swift; sourceTree = "<group>"; };
		960BD20764F178AA8EE601C2 /* ExitNodeView.swift */ = {isa = PBXFileReference; lastKnownFileType = sourcecode.swift; path = ExitNodeView.swift; sourceTree = "<group>"; };
		A087BE65958F460FCF0CC468 /* LatticeApp.swift */ = {isa = PBXFileReference; lastKnownFileType = sourcecode.swift; path = LatticeApp.swift; sourceTree = "<group>"; };
		A2B465D56E6931B309FAEF61 /* JoinView.swift */ = {isa = PBXFileReference; lastKnownFileType = sourcecode.swift; path = JoinView.swift; sourceTree = "<group>"; };
		A40878B1329E02B2C70EB9E0 /* Info.plist */ = {isa = PBXFileReference; lastKnownFileType = text.plist; path = Info.plist; sourceTree = "<group>"; };
		B2FE4A65E58BC0B49C7D2810 /* NetworkPages.swift */ = {isa = PBXFileReference; lastKnownFileType = sourcecode.swift; path = NetworkPages.swift; sourceTree = "<group>"; };
		C0665648C57C97A61F3F0A51 /* RootView.swift */ = {isa = PBXFileReference; lastKnownFileType = sourcecode.swift; path = RootView.swift; sourceTree = "<group>"; };
		C9AFFCC82948D66E2AB0C162 /* LatticeMacApp.swift */ = {isa = PBXFileReference; lastKnownFileType = sourcecode.swift; path = LatticeMacApp.swift; sourceTree = "<group>"; };
		CC55D463910D975F56B8342B /* LatticeTunnel.appex */ = {isa = PBXFileReference; includeInIndex = 0; lastKnownFileType = "wrapper.app-extension"; path = LatticeTunnel.appex; sourceTree = BUILT_PRODUCTS_DIR; };
		D4F83921F212A6B53C281796 /* LatticeAPI.swift */ = {isa = PBXFileReference; lastKnownFileType = sourcecode.swift; path = LatticeAPI.swift; sourceTree = "<group>"; };
		D651343557480E291D4C242C /* QRScanner.swift */ = {isa = PBXFileReference; lastKnownFileType = sourcecode.swift; path = QRScanner.swift; sourceTree = "<group>"; };
		E3E5909331047D47021B484E /* FavoritesStore.swift */ = {isa = PBXFileReference; lastKnownFileType = sourcecode.swift; path = FavoritesStore.swift; sourceTree = "<group>"; };
		E73ACB07B695A778DE7339C3 /* Info.plist */ = {isa = PBXFileReference; lastKnownFileType = text.plist; path = Info.plist; sourceTree = "<group>"; };
		F13B3A4F2C310EAA9B9C1E7F /* LatticeMac.app */ = {isa = PBXFileReference; explicitFileType = wrapper.application; includeInIndex = 0; path = LatticeMac.app; sourceTree = BUILT_PRODUCTS_DIR; };
		F838CD20F6150A9C5E1F3402 /* OverviewView.swift */ = {isa = PBXFileReference; lastKnownFileType = sourcecode.swift; path = OverviewView.swift; sourceTree = "<group>"; };
		FA822E36FCF84A5FB4C48F09 /* PeerDetailView.swift */ = {isa = PBXFileReference; lastKnownFileType = sourcecode.swift; path = PeerDetailView.swift; sourceTree = "<group>"; };
		FE4CF185A86A9E5B9DCDB935 /* PacketTunnelProvider.swift */ = {isa = PBXFileReference; lastKnownFileType = sourcecode.swift; path = PacketTunnelProvider.swift; sourceTree = "<group>"; };
/* End PBXFileReference section */

/* Begin PBXFrameworksBuildPhase section */
		5F0969FD2E4D62BB9AA00717 /* Frameworks */ = {
			isa = PBXFrameworksBuildPhase;
			buildActionMask = 2147483647;
			files = (
				8C54DA7BB5EE02DA6E501EDB /* LatticeCastKit in Frameworks */,
				E9FBD46E90777EBAFE9E1D3F /* LatticeCore.xcframework in Frameworks */,
			);
			runOnlyForDeploymentPostprocessing = 0;
		};
		8ACB6FAAFE96AE6DA1FDF589 /* Frameworks */ = {
			isa = PBXFrameworksBuildPhase;
			buildActionMask = 2147483647;
			files = (
				CB573F157F641243D23A8271 /* LatticeCore.xcframework in Frameworks */,
			);
			runOnlyForDeploymentPostprocessing = 0;
		};
		A4FB8CB50A9CBB926EE49D5C /* Frameworks */ = {
			isa = PBXFrameworksBuildPhase;
			buildActionMask = 2147483647;
			files = (
				F51064384E99E2A556DF23E5 /* LatticeCore.xcframework in Frameworks */,
			);
			runOnlyForDeploymentPostprocessing = 0;
		};
		E0BFADCECA31C1061DB4CBE1 /* Frameworks */ = {
			isa = PBXFrameworksBuildPhase;
			buildActionMask = 2147483647;
			files = (
				7B013D63F49DB80AF2D745ED /* LatticeCore.xcframework in Frameworks */,
			);
			runOnlyForDeploymentPostprocessing = 0;
		};
/* End PBXFrameworksBuildPhase section */

/* Begin PBXGroup section */
		0171ED0F822E990AE5A368A9 /* Lattice */ = {
			isa = PBXGroup;
			children = (
				960BD20764F178AA8EE601C2 /* ExitNodeView.swift */,
				E3E5909331047D47021B484E /* FavoritesStore.swift */,
				A2B465D56E6931B309FAEF61 /* JoinView.swift */,
				A087BE65958F460FCF0CC468 /* LatticeApp.swift */,
				47DACD8B5C4EBFE6CA33C972 /* LoginView.swift */,
				F838CD20F6150A9C5E1F3402 /* OverviewView.swift */,
				181438EF236ABFF41737E743 /* PeerActions.swift */,
				293355084BBA1A64A7029EB5 /* PeerDetailView.swift */,
				3A96A5BA984924A4BE08A5B2 /* QRScannerView.swift */,
				C0665648C57C97A61F3F0A51 /* RootView.swift */,
				4BFD692EC35DC8A9C346CF14 /* SettingsView.swift */,
			);
			path = Lattice;
			sourceTree = "<group>";
		};
		24AEE150565E0B755E44B295 /* LatticeTunnel */ = {
			isa = PBXGroup;
			children = (
				A40878B1329E02B2C70EB9E0 /* Info.plist */,
				FE4CF185A86A9E5B9DCDB935 /* PacketTunnelProvider.swift */,
			);
			path = LatticeTunnel;
			sourceTree = "<group>";
		};
		28D9DA17EC524F3F2BEE2352 /* Frameworks */ = {
			isa = PBXGroup;
			children = (
				2F554B0DCF9E6408D40F876E /* LatticeCore.xcframework */,
				0781F0ADE50D85AA22927CF6 /* LatticeCore.xcframework */,
			);
			name = Frameworks;
			sourceTree = "<group>";
		};
		3C1EDBC170D754495609ADDB /* Shared */ = {
			isa = PBXGroup;
			children = (
				05B18389E61765B68DB7CF7D /* DesignComponents.swift */,
				3F43CAB1731C237E34D7EE9F /* JoinPayload.swift */,
				8D60E634E669109A674D97AC /* KeychainStore.swift */,
				D4F83921F212A6B53C281796 /* LatticeAPI.swift */,
				2C02EA36CFB3E23CF62AA772 /* TunnelCore.swift */,
				239FC0A7F79E63F4E5BF729B /* TunnelManager.swift */,
			);
			path = Shared;
			sourceTree = "<group>";
		};
		520522B6FA5A5FF534431C47 /* Products */ = {
			isa = PBXGroup;
			children = (
				8287DD726BF401E4637ECBC7 /* Lattice.app */,
				F13B3A4F2C310EAA9B9C1E7F /* LatticeMac.app */,
				CC55D463910D975F56B8342B /* LatticeTunnel.appex */,
				280D2D1DA245A0FD3DB0E443 /* LatticeTunnelMac.appex */,
			);
			name = Products;
			sourceTree = "<group>";
		};
		86455A376C5D8694817AD6F9 /* LatticeTunnelMac */ = {
			isa = PBXGroup;
			children = (
				0E825FF21A8E0CC2D39A63C2 /* Info.plist */,
				61FC588F72E35AC057E58CEE /* PacketTunnelProvider.swift */,
			);
			path = LatticeTunnelMac;
			sourceTree = "<group>";
		};
		8F351E03C49991D255D48C70 /* Packages */ = {
			isa = PBXGroup;
			children = (
				0B144916D9450C4F743FDA7B /* LatticeCastKit */,
			);
			name = Packages;
			sourceTree = "<group>";
		};
		A5623A6924E4876DCA9099EC /* LatticeMac */ = {
			isa = PBXGroup;
			children = (
				14A9894E398BA1C95006D8A3 /* CastReceiver.swift */,
				165E8316190B31DE582046CA /* CastSink.swift */,
				4BE8650C14A1FB3ED7ECACF5 /* ChatViewModel.swift */,
				0B6632B8E3AF0967CD62378C /* ChatWindow.swift */,
				3C2F091FD3AB75D4A5F6C927 /* ContentView.swift */,
				E73ACB07B695A778DE7339C3 /* Info.plist */,
				C9AFFCC82948D66E2AB0C162 /* LatticeMacApp.swift */,
				B2FE4A65E58BC0B49C7D2810 /* NetworkPages.swift */,
				FA822E36FCF84A5FB4C48F09 /* PeerDetailView.swift */,
				D651343557480E291D4C242C /* QRScanner.swift */,
			);
			path = LatticeMac;
			sourceTree = "<group>";
		};
		CDE4EA0D57538666A7321587 = {
			isa = PBXGroup;
			children = (
				0171ED0F822E990AE5A368A9 /* Lattice */,
				A5623A6924E4876DCA9099EC /* LatticeMac */,
				24AEE150565E0B755E44B295 /* LatticeTunnel */,
				86455A376C5D8694817AD6F9 /* LatticeTunnelMac */,
				8F351E03C49991D255D48C70 /* Packages */,
				3C1EDBC170D754495609ADDB /* Shared */,
				28D9DA17EC524F3F2BEE2352 /* Frameworks */,
				520522B6FA5A5FF534431C47 /* Products */,
			);
			sourceTree = "<group>";
		};
/* End PBXGroup section */

/* Begin PBXNativeTarget section */
		03562A8F9AF734BAB0D1C196 /* Lattice */ = {
			isa = PBXNativeTarget;
			buildConfigurationList = 91B7C44A10C284870AC0C83D /* Build configuration list for PBXNativeTarget "Lattice" */;
			buildPhases = (
				213515E5C1C93340C00A5C53 /* Sources */,
				E0BFADCECA31C1061DB4CBE1 /* Frameworks */,
				AF4933C2FFED306C5C6E4B2B /* Embed Foundation Extensions */,
			);
			buildRules = (
			);
			dependencies = (
				77BC41132F2B622448B022FA /* PBXTargetDependency */,
			);
			name = Lattice;
			packageProductDependencies = (
			);
			productName = Lattice;
			productReference = 8287DD726BF401E4637ECBC7 /* Lattice.app */;
			productType = "com.apple.product-type.application";
		};
		52A2935BB434C8F1C3B88838 /* LatticeTunnelMac */ = {
			isa = PBXNativeTarget;
			buildConfigurationList = 3359FE29AEB5A1117F4EA4FC /* Build configuration list for PBXNativeTarget "LatticeTunnelMac" */;
			buildPhases = (
				ED37EBFC408CAC77C8E7821D /* Sources */,
				8ACB6FAAFE96AE6DA1FDF589 /* Frameworks */,
			);
			buildRules = (
			);
			dependencies = (
			);
			name = LatticeTunnelMac;
			packageProductDependencies = (
			);
			productName = LatticeTunnelMac;
			productReference = 280D2D1DA245A0FD3DB0E443 /* LatticeTunnelMac.appex */;
			productType = "com.apple.product-type.app-extension";
		};
		88185EAFE2CB71C04FFC4A3B /* LatticeMac */ = {
			isa = PBXNativeTarget;
			buildConfigurationList = E024C14113AA515B1FDE56DC /* Build configuration list for PBXNativeTarget "LatticeMac" */;
			buildPhases = (
				7C42894807AB48FB8ED9225E /* Sources */,
				5F0969FD2E4D62BB9AA00717 /* Frameworks */,
				51C6EC670E7016A031DC9225 /* Embed Foundation Extensions */,
				E7F47BAFEFDD976924B4449E /* Embed Frameworks */,
				F5DE891952F2C2749F37A194 /* Restore LatticeCore engine binary */,
			);
			buildRules = (
			);
			dependencies = (
				0BB95E9CA9E2A1CC3591E7E9 /* PBXTargetDependency */,
			);
			name = LatticeMac;
			packageProductDependencies = (
				959A2B123CBDC7EDCDE77B00 /* LatticeCastKit */,
			);
			productName = LatticeMac;
			productReference = F13B3A4F2C310EAA9B9C1E7F /* LatticeMac.app */;
			productType = "com.apple.product-type.application";
		};
		FAD3419F2B485EEDC87C3337 /* LatticeTunnel */ = {
			isa = PBXNativeTarget;
			buildConfigurationList = 9C75941AC406C3618AE85003 /* Build configuration list for PBXNativeTarget "LatticeTunnel" */;
			buildPhases = (
				0225CDE037F22BF5B8A601E6 /* Sources */,
				A4FB8CB50A9CBB926EE49D5C /* Frameworks */,
			);
			buildRules = (
			);
			dependencies = (
			);
			name = LatticeTunnel;
			packageProductDependencies = (
			);
			productName = LatticeTunnel;
			productReference = CC55D463910D975F56B8342B /* LatticeTunnel.appex */;
			productType = "com.apple.product-type.app-extension";
		};
/* End PBXNativeTarget section */

/* Begin PBXProject section */
		E0199854991D2C7558C328FB /* Project object */ = {
			isa = PBXProject;
			attributes = {
				BuildIndependentTargetsInParallel = YES;
				LastUpgradeCheck = 1540;
				TargetAttributes = {
					03562A8F9AF734BAB0D1C196 = {
						DevelopmentTeam = JN4AC4DDAU;
						ProvisioningStyle = Automatic;
					};
					52A2935BB434C8F1C3B88838 = {
						DevelopmentTeam = JN4AC4DDAU;
						ProvisioningStyle = Automatic;
					};
					88185EAFE2CB71C04FFC4A3B = {
						DevelopmentTeam = JN4AC4DDAU;
						ProvisioningStyle = Automatic;
					};
					FAD3419F2B485EEDC87C3337 = {
						DevelopmentTeam = JN4AC4DDAU;
						ProvisioningStyle = Automatic;
					};
				};
			};
			buildConfigurationList = F9D17011CC3E2CB99D4360A7 /* Build configuration list for PBXProject "LatticeApple" */;
			developmentRegion = en;
			hasScannedForEncodings = 0;
			knownRegions = (
				Base,
				en,
			);
			mainGroup = CDE4EA0D57538666A7321587;
			minimizedProjectReferenceProxies = 1;
			packageReferences = (
				8F6A1A7BF331F7FCFC6E2C5C /* XCLocalSwiftPackageReference "../../lattice-cast/swift/LatticeCastKit" */,
			);
			preferredProjectObjectVersion = 77;
			productRefGroup = 520522B6FA5A5FF534431C47 /* Products */;
			projectDirPath = "";
			projectRoot = "";
			targets = (
				03562A8F9AF734BAB0D1C196 /* Lattice */,
				88185EAFE2CB71C04FFC4A3B /* LatticeMac */,
				FAD3419F2B485EEDC87C3337 /* LatticeTunnel */,
				52A2935BB434C8F1C3B88838 /* LatticeTunnelMac */,
			);
		};
/* End PBXProject section */

/* Begin PBXShellScriptBuildPhase section */
		F5DE891952F2C2749F37A194 /* Restore LatticeCore engine binary */ = {
			isa = PBXShellScriptBuildPhase;
			buildActionMask = 2147483647;
			files = (
			);
			inputFileListPaths = (
			);
			inputPaths = (
			);
			name = "Restore LatticeCore engine binary";
			outputFileListPaths = (
			);
			outputPaths = (
			);
			runOnlyForDeploymentPostprocessing = 0;
			shellPath = /bin/sh;
			shellScript = "set -e\nSRC_BIN=\"${SRCROOT}/Frameworks/MacOS/LatticeCore.xcframework/macos-arm64_x86_64/LatticeCore.framework/Versions/A/LatticeCore\"\nEMB_BIN=\"${BUILT_PRODUCTS_DIR}/LatticeMac.app/Contents/Frameworks/LatticeCore.framework/Versions/A/LatticeCore\"\nif [ -f \"${EMB_BIN}\" ] && ! cmp -s \"${SRC_BIN}\" \"${EMB_BIN}\"; then\n  cp -f \"${SRC_BIN}\" \"${EMB_BIN}\"\n  codesign --force --sign \"${CODE_SIGN_IDENTITY}\" \"${EMB_BIN%/LatticeCore}\"\n  codesign --force --sign \"${CODE_SIGN_IDENTITY}\" --entitlements \"${SRCROOT}/entitlements/LatticeMac.entitlements\" \"${BUILT_PRODUCTS_DIR}/LatticeMac.app\"\nfi\n";
		};
/* End PBXShellScriptBuildPhase section */

/* Begin PBXSourcesBuildPhase section */
		0225CDE037F22BF5B8A601E6 /* Sources */ = {
			isa = PBXSourcesBuildPhase;
			buildActionMask = 2147483647;
			files = (
				518B29B45861F274510B47CC /* PacketTunnelProvider.swift in Sources */,
				B3C7A14C0465C3DF7DDEF3E2 /* TunnelCore.swift in Sources */,
			);
			runOnlyForDeploymentPostprocessing = 0;
		};
		213515E5C1C93340C00A5C53 /* Sources */ = {
			isa = PBXSourcesBuildPhase;
			buildActionMask = 2147483647;
			files = (
				7C915FE50B4A033CC852AFA0 /* DesignComponents.swift in Sources */,
				868AE17942ABC08E37BAA2A0 /* ExitNodeView.swift in Sources */,
				FAE77EC15F11A48CBAF6B894 /* FavoritesStore.swift in Sources */,
				FCF81D8DC792F9C1BC8000EF /* JoinPayload.swift in Sources */,
				76F9EAF841E4D1149CEBAC0C /* JoinView.swift in Sources */,
				00140F5ED99BBE357CC1F951 /* KeychainStore.swift in Sources */,
				616890BBE0D3865DDF79A5E8 /* LatticeAPI.swift in Sources */,
				58B765388DE135282E31A3E0 /* LatticeApp.swift in Sources */,
				9344D1373D11D2DE1F78F0C5 /* LoginView.swift in Sources */,
				C57A26F25C649ED6C6B71FF5 /* OverviewView.swift in Sources */,
				7277281C1F1B472AF67D241D /* PeerActions.swift in Sources */,
				02AAD2A81C61D9265999E855 /* PeerDetailView.swift in Sources */,
				4C67BC58EF90C9FA7420538A /* QRScannerView.swift in Sources */,
				42F5C0F09765D9837FE4E78C /* RootView.swift in Sources */,
				C389EB4080C7F9FD556938E8 /* SettingsView.swift in Sources */,
				18620C4034B99B2DE9C87829 /* TunnelCore.swift in Sources */,
				6830D61E55C183794559B204 /* TunnelManager.swift in Sources */,
			);
			runOnlyForDeploymentPostprocessing = 0;
		};
		7C42894807AB48FB8ED9225E /* Sources */ = {
			isa = PBXSourcesBuildPhase;
			buildActionMask = 2147483647;
			files = (
				DCC32482F0EFB9182AE419AF /* CastReceiver.swift in Sources */,
				26CEACDA4053E98196979856 /* CastSink.swift in Sources */,
				1D82F9675920AB6D70A8A707 /* ChatViewModel.swift in Sources */,
				3949790EF906AFA4A4AF9A91 /* ChatWindow.swift in Sources */,
				70634B99C412A1430F456CB2 /* ContentView.swift in Sources */,
				B78ADF07D928BBC23F1C2C5A /* DesignComponents.swift in Sources */,
				E67E73C171D445673D559589 /* JoinPayload.swift in Sources */,
				C01C46866068658B9D68BC86 /* KeychainStore.swift in Sources */,
				5A6CBB67B97087769CC247F2 /* LatticeAPI.swift in Sources */,
				6A2DC249F454BC91FB65FC4A /* LatticeMacApp.swift in Sources */,
				A8FEB6A60B7D5B4254818DCA /* NetworkPages.swift in Sources */,
				60BD6805501BB1BEE557786E /* PeerDetailView.swift in Sources */,
				0F0BF5749BD804E55AEBC6E5 /* QRScanner.swift in Sources */,
				C5D855A3DA02C11765207DDE /* TunnelCore.swift in Sources */,
				3F6959622E55A023B45FA1B4 /* TunnelManager.swift in Sources */,
			);
			runOnlyForDeploymentPostprocessing = 0;
		};
		ED37EBFC408CAC77C8E7821D /* Sources */ = {
			isa = PBXSourcesBuildPhase;
			buildActionMask = 2147483647;
			files = (
				5539E3D47E1D8B70496BE9F6 /* PacketTunnelProvider.swift in Sources */,
				5460D39AA904935F95C98BAB /* TunnelCore.swift in Sources */,
			);
			runOnlyForDeploymentPostprocessing = 0;
		};
/* End PBXSourcesBuildPhase section */

/* Begin PBXTargetDependency section */
		0BB95E9CA9E2A1CC3591E7E9 /* PBXTargetDependency */ = {
			isa = PBXTargetDependency;
			target = 52A2935BB434C8F1C3B88838 /* LatticeTunnelMac */;
			targetProxy = CC0030D1EF7AF985F7A466D2 /* PBXContainerItemProxy */;
		};
		77BC41132F2B622448B022FA /* PBXTargetDependency */ = {
			isa = PBXTargetDependency;
			target = FAD3419F2B485EEDC87C3337 /* LatticeTunnel */;
			targetProxy = 54543C4957E4D123598D2337 /* PBXContainerItemProxy */;
		};
/* End PBXTargetDependency section */

/* Begin XCBuildConfiguration section */
		129CAEE26F137C14DC3E4F8A /* Release */ = {
			isa = XCBuildConfiguration;
			buildSettings = {
				ALWAYS_SEARCH_USER_PATHS = NO;
				CLANG_ANALYZER_NONNULL = YES;
				CLANG_ANALYZER_NUMBER_OBJECT_CONVERSION = YES_AGGRESSIVE;
				CLANG_CXX_LANGUAGE_STANDARD = "gnu++14";
				CLANG_CXX_LIBRARY = "libc++";
				CLANG_ENABLE_MODULES = YES;
				CLANG_ENABLE_OBJC_ARC = YES;
				CLANG_ENABLE_OBJC_WEAK = YES;
				CLANG_WARN_BLOCK_CAPTURE_AUTORELEASING = YES;
				CLANG_WARN_BOOL_CONVERSION = YES;
				CLANG_WARN_COMMA = YES;
				CLANG_WARN_CONSTANT_CONVERSION = YES;
				CLANG_WARN_DEPRECATED_OBJC_IMPLEMENTATIONS = YES;
				CLANG_WARN_DIRECT_OBJC_ISA_USAGE = YES_ERROR;
				CLANG_WARN_DOCUMENTATION_COMMENTS = YES;
				CLANG_WARN_EMPTY_BODY = YES;
				CLANG_WARN_ENUM_CONVERSION = YES;
				CLANG_WARN_INFINITE_RECURSION = YES;
				CLANG_WARN_INT_CONVERSION = YES;
				CLANG_WARN_NON_LITERAL_NULL_CONVERSION = YES;
				CLANG_WARN_OBJC_IMPLICIT_RETAIN_SELF = YES;
				CLANG_WARN_OBJC_LITERAL_CONVERSION = YES;
				CLANG_WARN_OBJC_ROOT_CLASS = YES_ERROR;
				CLANG_WARN_QUOTED_INCLUDE_IN_FRAMEWORK_HEADER = YES;
				CLANG_WARN_RANGE_LOOP_ANALYSIS = YES;
				CLANG_WARN_STRICT_PROTOTYPES = YES;
				CLANG_WARN_SUSPICIOUS_MOVE = YES;
				CLANG_WARN_UNGUARDED_AVAILABILITY = YES_AGGRESSIVE;
				CLANG_WARN_UNREACHABLE_CODE = YES;
				CLANG_WARN__DUPLICATE_METHOD_MATCH = YES;
				CODE_SIGN_IDENTITY = "Apple Development";
				COPY_PHASE_STRIP = NO;
				DEBUG_INFORMATION_FORMAT = "dwarf-with-dsym";
				DEVELOPMENT_TEAM = JN4AC4DDAU;
				ENABLE_DEBUG_DYLIB = NO;
				ENABLE_NS_ASSERTIONS = NO;
				ENABLE_STRICT_OBJC_MSGSEND = YES;
				GCC_C_LANGUAGE_STANDARD = gnu11;
				GCC_NO_COMMON_BLOCKS = YES;
				GCC_WARN_64_TO_32_BIT_CONVERSION = YES;
				GCC_WARN_ABOUT_RETURN_TYPE = YES_ERROR;
				GCC_WARN_UNDECLARED_SELECTOR = YES;
				GCC_WARN_UNINITIALIZED_AUTOS = YES_AGGRESSIVE;
				GCC_WARN_UNUSED_FUNCTION = YES;
				GCC_WARN_UNUSED_VARIABLE = YES;
				IPHONEOS_DEPLOYMENT_TARGET = 17.0;
				MACOSX_DEPLOYMENT_TARGET = 26.0;
				MTL_ENABLE_DEBUG_INFO = NO;
				MTL_FAST_MATH = YES;
				PRODUCT_NAME = "$(TARGET_NAME)";
				SWIFT_COMPILATION_MODE = wholemodule;
				SWIFT_OPTIMIZATION_LEVEL = "-O";
				SWIFT_VERSION = 5.9;
			};
			name = Release;
		};
		16B0CEBFF2800122D264F337 /* Debug */ = {
			isa = XCBuildConfiguration;
			buildSettings = {
				ASSETCATALOG_COMPILER_APPICON_NAME = AppIcon;
				CODE_SIGN_ENTITLEMENTS = entitlements/LatticeMac.entitlements;
				CODE_SIGN_STYLE = Automatic;
				COMBINE_HIDPI_IMAGES = YES;
				FRAMEWORK_SEARCH_PATHS = (
					"$(inherited)",
					"\"Frameworks/MacOS\"",
				);
				INFOPLIST_FILE = LatticeMac/Info.plist;
				LD_RUNPATH_SEARCH_PATHS = (
					"$(inherited)",
					"@executable_path/../Frameworks",
				);
				MACOSX_DEPLOYMENT_TARGET = 14.0;
				PRODUCT_BUNDLE_IDENTIFIER = io.lattice.mac;
				SDKROOT = macosx;
			};
			name = Debug;
		};
		2461D4D2E3882BD469F6B951 /* Debug */ = {
			isa = XCBuildConfiguration;
			buildSettings = {
				ASSETCATALOG_COMPILER_APPICON_NAME = AppIcon;
				CODE_SIGN_ENTITLEMENTS = entitlements/Lattice.entitlements;
				CODE_SIGN_IDENTITY = "iPhone Developer";
				CODE_SIGN_STYLE = Automatic;
				FRAMEWORK_SEARCH_PATHS = (
					"$(inherited)",
					"\"Frameworks/iOS\"",
				);
				GENERATE_INFOPLIST_FILE = YES;
				INFOPLIST_KEY_NSCameraUsageDescription = "Lattice 需要使用摄像头扫描入网二维码";
				INFOPLIST_KEY_UILaunchScreen_Generation = YES;
				IPHONEOS_DEPLOYMENT_TARGET = 17.0;
				LD_RUNPATH_SEARCH_PATHS = (
					"$(inherited)",
					"@executable_path/Frameworks",
				);
				PRODUCT_BUNDLE_IDENTIFIER = io.lattice.ios;
				SDKROOT = iphoneos;
				SWIFT_EMIT_LOC_STRINGS = YES;
				TARGETED_DEVICE_FAMILY = "1,2";
			};
			name = Debug;
		};
		2C1F9FE4CBFB5D3CC18F75E8 /* Release */ = {
			isa = XCBuildConfiguration;
			buildSettings = {
				CODE_SIGN_ENTITLEMENTS = entitlements/LatticeTunnelMac.entitlements;
				CODE_SIGN_STYLE = Automatic;
				COMBINE_HIDPI_IMAGES = YES;
				FRAMEWORK_SEARCH_PATHS = (
					"$(inherited)",
					"\"Frameworks/MacOS\"",
				);
				INFOPLIST_FILE = LatticeTunnelMac/Info.plist;
				LD_RUNPATH_SEARCH_PATHS = "$(inherited) @executable_path/../Frameworks @executable_path/Frameworks";
				MACOSX_DEPLOYMENT_TARGET = 14.0;
				PRODUCT_BUNDLE_IDENTIFIER = io.lattice.mac.tunnel;
				SDKROOT = macosx;
			};
			name = Release;
		};
		32194888B575C7B8E2391668 /* Release */ = {
			isa = XCBuildConfiguration;
			buildSettings = {
				ASSETCATALOG_COMPILER_APPICON_NAME = AppIcon;
				CODE_SIGN_ENTITLEMENTS = entitlements/Lattice.entitlements;
				CODE_SIGN_IDENTITY = "iPhone Developer";
				CODE_SIGN_STYLE = Automatic;
				FRAMEWORK_SEARCH_PATHS = (
					"$(inherited)",
					"\"Frameworks/iOS\"",
				);
				GENERATE_INFOPLIST_FILE = YES;
				INFOPLIST_KEY_NSCameraUsageDescription = "Lattice 需要使用摄像头扫描入网二维码";
				INFOPLIST_KEY_UILaunchScreen_Generation = YES;
				IPHONEOS_DEPLOYMENT_TARGET = 17.0;
				LD_RUNPATH_SEARCH_PATHS = (
					"$(inherited)",
					"@executable_path/Frameworks",
				);
				PRODUCT_BUNDLE_IDENTIFIER = io.lattice.ios;
				SDKROOT = iphoneos;
				SWIFT_EMIT_LOC_STRINGS = YES;
				TARGETED_DEVICE_FAMILY = "1,2";
			};
			name = Release;
		};
		599732D973982CA98C636FE5 /* Release */ = {
			isa = XCBuildConfiguration;
			buildSettings = {
				CODE_SIGN_ENTITLEMENTS = entitlements/LatticeTunnel.entitlements;
				CODE_SIGN_STYLE = Automatic;
				FRAMEWORK_SEARCH_PATHS = (
					"$(inherited)",
					"\"Frameworks/iOS\"",
				);
				INFOPLIST_FILE = LatticeTunnel/Info.plist;
				IPHONEOS_DEPLOYMENT_TARGET = 17.0;
				LD_RUNPATH_SEARCH_PATHS = (
					"$(inherited)",
					"@executable_path/Frameworks",
					"@executable_path/../../Frameworks",
				);
				PRODUCT_BUNDLE_IDENTIFIER = io.lattice.ios.tunnel;
				SDKROOT = iphoneos;
				TARGETED_DEVICE_FAMILY = "1,2";
			};
			name = Release;
		};
		648B53A63B1F03078530BB45 /* Debug */ = {
			isa = XCBuildConfiguration;
			buildSettings = {
				ALWAYS_SEARCH_USER_PATHS = NO;
				CLANG_ANALYZER_NONNULL = YES;
				CLANG_ANALYZER_NUMBER_OBJECT_CONVERSION = YES_AGGRESSIVE;
				CLANG_CXX_LANGUAGE_STANDARD = "gnu++14";
				CLANG_CXX_LIBRARY = "libc++";
				CLANG_ENABLE_MODULES = YES;
				CLANG_ENABLE_OBJC_ARC = YES;
				CLANG_ENABLE_OBJC_WEAK = YES;
				CLANG_WARN_BLOCK_CAPTURE_AUTORELEASING = YES;
				CLANG_WARN_BOOL_CONVERSION = YES;
				CLANG_WARN_COMMA = YES;
				CLANG_WARN_CONSTANT_CONVERSION = YES;
				CLANG_WARN_DEPRECATED_OBJC_IMPLEMENTATIONS = YES;
				CLANG_WARN_DIRECT_OBJC_ISA_USAGE = YES_ERROR;
				CLANG_WARN_DOCUMENTATION_COMMENTS = YES;
				CLANG_WARN_EMPTY_BODY = YES;
				CLANG_WARN_ENUM_CONVERSION = YES;
				CLANG_WARN_INFINITE_RECURSION = YES;
				CLANG_WARN_INT_CONVERSION = YES;
				CLANG_WARN_NON_LITERAL_NULL_CONVERSION = YES;
				CLANG_WARN_OBJC_IMPLICIT_RETAIN_SELF = YES;
				CLANG_WARN_OBJC_LITERAL_CONVERSION = YES;
				CLANG_WARN_OBJC_ROOT_CLASS = YES_ERROR;
				CLANG_WARN_QUOTED_INCLUDE_IN_FRAMEWORK_HEADER = YES;
				CLANG_WARN_RANGE_LOOP_ANALYSIS = YES;
				CLANG_WARN_STRICT_PROTOTYPES = YES;
				CLANG_WARN_SUSPICIOUS_MOVE = YES;
				CLANG_WARN_UNGUARDED_AVAILABILITY = YES_AGGRESSIVE;
				CLANG_WARN_UNREACHABLE_CODE = YES;
				CLANG_WARN__DUPLICATE_METHOD_MATCH = YES;
				CODE_SIGN_IDENTITY = "Apple Development";
				COPY_PHASE_STRIP = NO;
				DEBUG_INFORMATION_FORMAT = dwarf;
				DEVELOPMENT_TEAM = JN4AC4DDAU;
				ENABLE_DEBUG_DYLIB = NO;
				ENABLE_STRICT_OBJC_MSGSEND = YES;
				ENABLE_TESTABILITY = YES;
				GCC_C_LANGUAGE_STANDARD = gnu11;
				GCC_DYNAMIC_NO_PIC = NO;
				GCC_NO_COMMON_BLOCKS = YES;
				GCC_OPTIMIZATION_LEVEL = 0;
				GCC_PREPROCESSOR_DEFINITIONS = (
					"$(inherited)",
					"DEBUG=1",
				);
				GCC_WARN_64_TO_32_BIT_CONVERSION = YES;
				GCC_WARN_ABOUT_RETURN_TYPE = YES_ERROR;
				GCC_WARN_UNDECLARED_SELECTOR = YES;
				GCC_WARN_UNINITIALIZED_AUTOS = YES_AGGRESSIVE;
				GCC_WARN_UNUSED_FUNCTION = YES;
				GCC_WARN_UNUSED_VARIABLE = YES;
				IPHONEOS_DEPLOYMENT_TARGET = 17.0;
				MACOSX_DEPLOYMENT_TARGET = 26.0;
				MTL_ENABLE_DEBUG_INFO = INCLUDE_SOURCE;
				MTL_FAST_MATH = YES;
				ONLY_ACTIVE_ARCH = YES;
				PRODUCT_NAME = "$(TARGET_NAME)";
				SWIFT_ACTIVE_COMPILATION_CONDITIONS = DEBUG;
				SWIFT_OPTIMIZATION_LEVEL = "-Onone";
				SWIFT_VERSION = 5.9;
			};
			name = Debug;
		};
		7EF45138EFA090881E96152C /* Debug */ = {
			isa = XCBuildConfiguration;
			buildSettings = {
				CODE_SIGN_ENTITLEMENTS = entitlements/LatticeTunnel.entitlements;
				CODE_SIGN_STYLE = Automatic;
				FRAMEWORK_SEARCH_PATHS = (
					"$(inherited)",
					"\"Frameworks/iOS\"",
				);
				INFOPLIST_FILE = LatticeTunnel/Info.plist;
				IPHONEOS_DEPLOYMENT_TARGET = 17.0;
				LD_RUNPATH_SEARCH_PATHS = (
					"$(inherited)",
					"@executable_path/Frameworks",
					"@executable_path/../../Frameworks",
				);
				PRODUCT_BUNDLE_IDENTIFIER = io.lattice.ios.tunnel;
				SDKROOT = iphoneos;
				TARGETED_DEVICE_FAMILY = "1,2";
			};
			name = Debug;
		};
		B5FAE26EDB72729B6BE86653 /* Release */ = {
			isa = XCBuildConfiguration;
			buildSettings = {
				ASSETCATALOG_COMPILER_APPICON_NAME = AppIcon;
				CODE_SIGN_ENTITLEMENTS = entitlements/LatticeMac.entitlements;
				CODE_SIGN_STYLE = Automatic;
				COMBINE_HIDPI_IMAGES = YES;
				FRAMEWORK_SEARCH_PATHS = (
					"$(inherited)",
					"\"Frameworks/MacOS\"",
				);
				INFOPLIST_FILE = LatticeMac/Info.plist;
				LD_RUNPATH_SEARCH_PATHS = (
					"$(inherited)",
					"@executable_path/../Frameworks",
				);
				MACOSX_DEPLOYMENT_TARGET = 14.0;
				PRODUCT_BUNDLE_IDENTIFIER = io.lattice.mac;
				SDKROOT = macosx;
			};
			name = Release;
		};
		C290D347A49FE12B3332CDF6 /* Debug */ = {
			isa = XCBuildConfiguration;
			buildSettings = {
				CODE_SIGN_ENTITLEMENTS = entitlements/LatticeTunnelMac.entitlements;
				CODE_SIGN_STYLE = Automatic;
				COMBINE_HIDPI_IMAGES = YES;
				FRAMEWORK_SEARCH_PATHS = (
					"$(inherited)",
					"\"Frameworks/MacOS\"",
				);
				INFOPLIST_FILE = LatticeTunnelMac/Info.plist;
				LD_RUNPATH_SEARCH_PATHS = "$(inherited) @executable_path/../Frameworks @executable_path/Frameworks";
				MACOSX_DEPLOYMENT_TARGET = 14.0;
				PRODUCT_BUNDLE_IDENTIFIER = io.lattice.mac.tunnel;
				SDKROOT = macosx;
			};
			name = Debug;
		};
/* End XCBuildConfiguration section */

/* Begin XCConfigurationList section */
		3359FE29AEB5A1117F4EA4FC /* Build configuration list for PBXNativeTarget "LatticeTunnelMac" */ = {
			isa = XCConfigurationList;
			buildConfigurations = (
				C290D347A49FE12B3332CDF6 /* Debug */,
				2C1F9FE4CBFB5D3CC18F75E8 /* Release */,
			);
			defaultConfigurationIsVisible = 0;
			defaultConfigurationName = Debug;
		};
		91B7C44A10C284870AC0C83D /* Build configuration list for PBXNativeTarget "Lattice" */ = {
			isa = XCConfigurationList;
			buildConfigurations = (
				2461D4D2E3882BD469F6B951 /* Debug */,
				32194888B575C7B8E2391668 /* Release */,
			);
			defaultConfigurationIsVisible = 0;
			defaultConfigurationName = Debug;
		};
		9C75941AC406C3618AE85003 /* Build configuration list for PBXNativeTarget "LatticeTunnel" */ = {
			isa = XCConfigurationList;
			buildConfigurations = (
				7EF45138EFA090881E96152C /* Debug */,
				599732D973982CA98C636FE5 /* Release */,
			);
			defaultConfigurationIsVisible = 0;
			defaultConfigurationName = Debug;
		};
		E024C14113AA515B1FDE56DC /* Build configuration list for PBXNativeTarget "LatticeMac" */ = {
			isa = XCConfigurationList;
			buildConfigurations = (
				16B0CEBFF2800122D264F337 /* Debug */,
				B5FAE26EDB72729B6BE86653 /* Release */,
			);
			defaultConfigurationIsVisible = 0;
			defaultConfigurationName = Debug;
		};
		F9D17011CC3E2CB99D4360A7 /* Build configuration list for PBXProject "LatticeApple" */ = {
			isa = XCConfigurationList;
			buildConfigurations = (
				648B53A63B1F03078530BB45 /* Debug */,
				129CAEE26F137C14DC3E4F8A /* Release */,
			);
			defaultConfigurationIsVisible = 0;
			defaultConfigurationName = Debug;
		};
/* End XCConfigurationList section */

/* Begin XCLocalSwiftPackageReference section */
		8F6A1A7BF331F7FCFC6E2C5C /* XCLocalSwiftPackageReference "../../lattice-cast/swift/LatticeCastKit" */ = {
			isa = XCLocalSwiftPackageReference;
			relativePath = "../../lattice-cast/swift/LatticeCastKit";
		};
/* End XCLocalSwiftPackageReference section */

/* Begin XCSwiftPackageProductDependency section */
		959A2B123CBDC7EDCDE77B00 /* LatticeCastKit */ = {
			isa = XCSwiftPackageProductDependency;
			productName = LatticeCastKit;
		};
/* End XCSwiftPackageProductDependency section */
	};
	rootObject = E0199854991D2C7558C328FB /* Project object */;
}
